
Microsoft Visual Studio Solution File, Format Version 12.00
# Visual Studio Version 17
VisualStudioVersion = 17.6.33801.468
MinimumVisualStudioVersion = 10.0.40219.1
Project("{FAE04EC0-301F-11D3-BF4B-00C04F79EFBC}") = "BlazorBasics.HtmlEditor.Component", "BlazorBasics.HtmlEditor.Component\BlazorBasics.HtmlEditor.Component.csproj", "{93B584F1-2F19-4CB0-BAE2-E2D26D542697}"
EndProject
Global
	GlobalSection(SolutionConfigurationPlatforms) = preSolution
		Debug|Any CPU = Debug|Any CPU
		Release|Any CPU = Release|Any CPU
	EndGlobalSection
	GlobalSection(ProjectConfigurationPlatforms) = postSolution
		{93B584F1-2F19-4CB0-BAE2-E2D26D542697}.Debug|Any CPU.ActiveCfg = Debug|Any CPU
		{93B584F1-2F19-4CB0-BAE2-E2D26D542697}.Debug|Any CPU.Build.0 = Debug|Any CPU
		{93B584F1-2F19-4CB0-BAE2-E2D26D542697}.Release|Any CPU.ActiveCfg = Release|Any CPU
		{93B584F1-2F19-4CB0-BAE2-E2D26D542697}.Release|Any CPU.Build.0 = Release|Any CPU
	EndGlobalSection
	GlobalSection(SolutionProperties) = preSolution
		HideSolutionNode = FALSE
	EndGlobalSection
	GlobalSection(ExtensibilityGlobals) = postSolution
		SolutionGuid = {EB191DAF-2625-4A23-B0B4-8E6C06DFBBB1}
	EndGlobalSection
EndGlobal
